
Microsoft Visual Studio Solution File, Format Version 12.00
# Visual Studio Version 17
VisualStudioVersion = 17.8.34330.188
MinimumVisualStudioVersion = 10.0.40219.1
Project("{FAE04EC0-301F-11D3-BF4B-00C04F79EFBC}") = "Hitomi-Viewer", "Hitomi-Viewer\Hitomi-Viewer.csproj", "{27E1CE51-096F-4686-8C03-81E806E1D356}"
EndProject
Project("{FAE04EC0-301F-11D3-BF4B-00C04F79EFBC}") = "WpfSandBox", "WpfSandBox\WpfSandBox.csproj", "{41E9A19A-85C2-452C-86BF-F8731C111FF2}"
EndProject
Global
	GlobalSection(SolutionConfigurationPlatforms) = preSolution
		Debug|x64 = Debug|x64
		Release|x64 = Release|x64
	EndGlobalSection
	GlobalSection(ProjectConfigurationPlatforms) = postSolution
		{27E1CE51-096F-4686-8C03-81E806E1D356}.Debug|x64.ActiveCfg = Debug|x64
		{27E1CE51-096F-4686-8C03-81E806E1D356}.Debug|x64.Build.0 = Debug|x64
		{27E1CE51-096F-4686-8C03-81E806E1D356}.Release|x64.ActiveCfg = Release|x64
		{27E1CE51-096F-4686-8C03-81E806E1D356}.Release|x64.Build.0 = Release|x64
		{41E9A19A-85C2-452C-86BF-F8731C111FF2}.Debug|x64.ActiveCfg = Debug|x64
		{41E9A19A-85C2-452C-86BF-F8731C111FF2}.Debug|x64.Build.0 = Debug|x64
		{41E9A19A-85C2-452C-86BF-F8731C111FF2}.Release|x64.ActiveCfg = Release|x64
	EndGlobalSection
	GlobalSection(SolutionProperties) = preSolution
		HideSolutionNode = FALSE
	EndGlobalSection
	GlobalSection(ExtensibilityGlobals) = postSolution
		SolutionGuid = {76125B4B-E4B5-4352-A598-05CBB5CF1056}
	EndGlobalSection
EndGlobal
